
Microsoft Visual Studio Solution File, Format Version 12.00
# Visual Studio Version 16
VisualStudioVersion = 16.0.30804.86
MinimumVisualStudioVersion = 10.0.40219.1
Project("{FAE04EC0-301F-11D3-BF4B-00C04F79EFBC}") = "RICADO.Omron", "RICADO.Omron\RICADO.Omron.csproj", "{674B309E-2B8D-4539-9670-009F49C634CE}"
EndProject
Global
	GlobalSection(SolutionConfigurationPlatforms) = preSolution
		Debug|Any CPU = Debug|Any CPU
		Release|Any CPU = Release|Any CPU
	EndGlobalSection
	GlobalSection(ProjectConfigurationPlatforms) = postSolution
		{674B309E-2B8D-4539-9670-009F49C634CE}.Debug|Any CPU.ActiveCfg = Debug|Any CPU
		{674B309E-2B8D-4539-9670-009F49C634CE}.Debug|Any CPU.Build.0 = Debug|Any CPU
		{674B309E-2B8D-4539-9670-009F49C634CE}.Release|Any CPU.ActiveCfg = Release|Any CPU
		{674B309E-2B8D-4539-9670-009F49C634CE}.Release|Any CPU.Build.0 = Release|Any CPU
	EndGlobalSection
	GlobalSection(SolutionProperties) = preSolution
		HideSolutionNode = FALSE
	EndGlobalSection
	GlobalSection(ExtensibilityGlobals) = postSolution
		SolutionGuid = {2EE1C1C7-00CC-40BB-8494-36981720DA73}
	EndGlobalSection
EndGlobal
